{
  "name": "char_converter",
  "version": "1.0.0",
  "lockfileVersion": 3,
  "requires": true,
  "packages": {
    "": {
      "name": "char_converter",
      "version": "1.0.0",
      "license": "MIT",
      "dependencies": {
        "char_converter": "^1.0.0"
      }
    },
    "node_modules/char_converter": {
      "version": "1.0.0",
      "resolved": "https://registry.npmjs.org/char_converter/-/char_converter-1.0.0.tgz",
      "integrity": "sha512-SeirzMwzrQKJjx3V6IbK0h5bQbH1qCRNrJ5WhrijP50QEm347SkgY+2jLRADhNg55ExsNnABkXqj6kM6bNLfSw==",
      "license": "MIT"
    }
  }
}
